{
  "name": "plugins",
  "version": "1.0.0",
  "lockfileVersion": 3,
  "requires": true,
  "packages": {
    "": {
      "name": "plugins",
      "version": "1.0.0",
      "license": "ISC",
      "dependencies": {
        "@webaudiomodules/api": "^2.0.0-alpha.6",
        "@webaudiomodules/sdk": "^0.0.12"
      }
    },
    "node_modules/@webaudiomodules/api": {
      "version": "2.0.0-alpha.6",
      "resolved": "https://registry.npmjs.org/@webaudiomodules/api/-/api-2.0.0-alpha.6.tgz",
      "integrity": "sha512-GFyp7fVgNd26aFlmk7svGWtwrS1PqrwWajR+JDnbF3aSka9TteZbIcKA6lQ1D7gMc+n8h+te69h+zG5DWwYKIw==",
      "license": "MIT"
    },
    "node_modules/@webaudiomodules/sdk": {
      "version": "0.0.12",
      "resolved": "https://registry.npmjs.org/@webaudiomodules/sdk/-/sdk-0.0.12.tgz",
      "integrity": "sha512-8eV+7wX8Wjrkjs3sIysq508ehS4mBEkLdwk8xinY3IXGi/zvWIfoipbWfvQ+AsaKnN3hBMGZI0AgLf1GlApBIA==",
      "license": "MIT"
    }
  }
}
